// !$*UTF8*$!
{
	archiveVersion = 1;
	classes = {
	};
	objectVersion = 46;
	objects = {

/* Begin PBXBuildFile section */
		FEC34B071984B7CA0033784B /* Foundation.framework in Frameworks */ = {isa = PBXBuildFile; fileRef = FEC34B061984B7CA0033784B /* Foundation.framework */; };
		FEC34B091984B7CA0033784B /* CoreGraphics.framework in Frameworks */ = {isa = PBXBuildFile; fileRef = FEC34B081984B7CA0033784B /* CoreGraphics.framework */; };
		FEC34B0B1984B7CA0033784B /* UIKit.framework in Frameworks */ = {isa = PBXBuildFile; fileRef = FEC34B0A1984B7CA0033784B /* UIKit.framework */; };
		FEC34B111984B7CA0033784B /* InfoPlist.strings in Resources */ = {isa = PBXBuildFile; fileRef = FEC34B0F1984B7CA0033784B /* InfoPlist.strings */; };
		FEC34B131984B7CA0033784B /* main.m in Sources */ = {isa = PBXBuildFile; fileRef = FEC34B121984B7CA0033784B /* main.m */; };
		FEC34B171984B7CA0033784B /* GAppDelegate.m in Sources */ = {isa = PBXBuildFile; fileRef = FEC34B161984B7CA0033784B /* GAppDelegate.m */; };
		FEC34B1A1984B7CA0033784B /* Main_iPhone.storyboard in Resources */ = {isa = PBXBuildFile; fileRef = FEC34B181984B7CA0033784B /* Main_iPhone.storyboard */; };
		FEC34B1D1984B7CA0033784B /* Main_iPad.storyboard in Resources */ = {isa = PBXBuildFile; fileRef = FEC34B1B1984B7CA0033784B /* Main_iPad.storyboard */; };
		FEC34B201984B7CA0033784B /* GViewController.m in Sources */ = {isa = PBXBuildFile; fileRef = FEC34B1F1984B7CA0033784B /* GViewController.m */; };
		FEC34B221984B7CA0033784B /* Images.xcassets in Resources */ = {isa = PBXBuildFile; fileRef = FEC34B211984B7CA0033784B /* Images.xcassets */; };
		FEC34B291984B7CA0033784B /* XCTest.framework in Frameworks */ = {isa = PBXBuildFile; fileRef = FEC34B281984B7CA0033784B /* XCTest.framework */; };
		FEC34B2A1984B7CA0033784B /* Foundation.framework in Frameworks */ = {isa = PBXBuildFile; fileRef = FEC34B061984B7CA0033784B /* Foundation.framework */; };
		FEC34B2B1984B7CA0033784B /* UIKit.framework in Frameworks */ = {isa = PBXBuildFile; fileRef = FEC34B0A1984B7CA0033784B /* UIKit.framework */; };
		FEC34B331984B7CA0033784B /* InfoPlist.strings in Resources */ = {isa = PBXBuildFile; fileRef = FEC34B311984B7CA0033784B /* InfoPlist.strings */; };
		FEC34B351984B7CA0033784B /* GTweenTests.m in Sources */ = {isa = PBXBuildFile; fileRef = FEC34B341984B7CA0033784B /* GTweenTests.m */; };
		FEC34B411984B7ED0033784B /* GTween.m in Sources */ = {isa = PBXBuildFile; fileRef = FEC34B401984B7ED0033784B /* GTween.m */; };
		FEC34B441984B8AF0033784B /* GTweenProperty.m in Sources */ = {isa = PBXBuildFile; fileRef = FEC34B431984B8AF0033784B /* GTweenProperty.m */; };
		FEC34B471984BD750033784B /* GEase.m in Sources */ = {isa = PBXBuildFile; fileRef = FEC34B461984BD750033784B /* GEase.m */; };
		FEC34B4A1984C6800033784B /* GCallback.m in Sources */ = {isa = PBXBuildFile; fileRef = FEC34B491984C6800033784B /* GCallback.m */; };
		FEC34B4E1984E20D0033784B /* GTestObject.m in Sources */ = {isa = PBXBuildFile; fileRef = FEC34B4D1984E20D0033784B /* GTestObject.m */; };
/* End PBXBuildFile section */

/* Begin PBXContainerItemProxy section */
		FEC34B2C1984B7CA0033784B /* PBXContainerItemProxy */ = {
			isa = PBXContainerItemProxy;
			containerPortal = FEC34AFB1984B7CA0033784B /* Project object */;
			proxyType = 1;
			remoteGlobalIDString = FEC34B021984B7CA0033784B;
			remoteInfo = GTween;
		};
/* End PBXContainerItemProxy section */

/* Begin PBXFileReference section */
		FEC34B031984B7CA0033784B /* GTween.app */ = {isa = PBXFileReference; explicitFileType = wrapper.application; includeInIndex = 0; path = GTween.app; sourceTree = BUILT_PRODUCTS_DIR; };
		FEC34B061984B7CA0033784B /* Foundation.framework */ = {isa = PBXFileReference; lastKnownFileType = wrapper.framework; name = Foundation.framework; path = System/Library/Frameworks/Foundation.framework; sourceTree = SDKROOT; };
		FEC34B081984B7CA0033784B /* CoreGraphics.framework */ = {isa = PBXFileReference; lastKnownFileType = wrapper.framework; name = CoreGraphics.framework; path = System/Library/Frameworks/CoreGraphics.framework; sourceTree = SDKROOT; };
		FEC34B0A1984B7CA0033784B /* UIKit.framework */ = {isa = PBXFileReference; lastKnownFileType = wrapper.framework; name = UIKit.framework; path = System/Library/Frameworks/UIKit.framework; sourceTree = SDKROOT; };
		FEC34B0E1984B7CA0033784B /* GTween-Info.plist */ = {isa = PBXFileReference; lastKnownFileType = text.plist.xml; path = "GTween-Info.plist"; sourceTree = "<group>"; };
		FEC34B101984B7CA0033784B /* en */ = {isa = PBXFileReference; lastKnownFileType = text.plist.strings; name = en; path = en.lproj/InfoPlist.strings; sourceTree = "<group>"; };
		FEC34B121984B7CA0033784B /* main.m */ = {isa = PBXFileReference; lastKnownFileType = sourcecode.c.objc; path = main.m; sourceTree = "<group>"; };
		FEC34B141984B7CA0033784B /* GTween-Prefix.pch */ = {isa = PBXFileReference; lastKnownFileType = sourcecode.c.h; path = "GTween-Prefix.pch"; sourceTree = "<group>"; };
		FEC34B151984B7CA0033784B /* GAppDelegate.h */ = {isa = PBXFileReference; lastKnownFileType = sourcecode.c.h; path = GAppDelegate.h; sourceTree = "<group>"; };
		FEC34B161984B7CA0033784B /* GAppDelegate.m */ = {isa = PBXFileReference; lastKnownFileType = sourcecode.c.objc; path = GAppDelegate.m; sourceTree = "<group>"; };
		FEC34B191984B7CA0033784B /* Base */ = {isa = PBXFileReference; lastKnownFileType = file.storyboard; name = Base; path = Base.lproj/Main_iPhone.storyboard; sourceTree = "<group>"; };
		FEC34B1C1984B7CA0033784B /* Base */ = {isa = PBXFileReference; lastKnownFileType = file.storyboard; name = Base; path = Base.lproj/Main_iPad.storyboard; sourceTree = "<group>"; };
		FEC34B1E1984B7CA0033784B /* GViewController.h */ = {isa = PBXFileReference; lastKnownFileType = sourcecode.c.h; path = GViewController.h; sourceTree = "<group>"; };
		FEC34B1F1984B7CA0033784B /* GViewController.m */ = {isa = PBXFileReference; lastKnownFileType = sourcecode.c.objc; path = GViewController.m; sourceTree = "<group>"; };
		FEC34B211984B7CA0033784B /* Images.xcassets */ = {isa = PBXFileReference; lastKnownFileType = folder.assetcatalog; path = Images.xcassets; sourceTree = "<group>"; };
		FEC34B271984B7CA0033784B /* GTweenTests.xctest */ = {isa = PBXFileReference; explicitFileType = wrapper.cfbundle; includeInIndex = 0; path = GTweenTests.xctest; sourceTree = BUILT_PRODUCTS_DIR; };
		FEC34B281984B7CA0033784B /* XCTest.framework */ = {isa = PBXFileReference; lastKnownFileType = wrapper.framework; name = XCTest.framework; path = Library/Frameworks/XCTest.framework; sourceTree = DEVELOPER_DIR; };
		FEC34B301984B7CA0033784B /* GTweenTests-Info.plist */ = {isa = PBXFileReference; lastKnownFileType = text.plist.xml; path = "GTweenTests-Info.plist"; sourceTree = "<group>"; };
		FEC34B321984B7CA0033784B /* en */ = {isa = PBXFileReference; lastKnownFileType = text.plist.strings; name = en; path = en.lproj/InfoPlist.strings; sourceTree = "<group>"; };
		FEC34B341984B7CA0033784B /* GTweenTests.m */ = {isa = PBXFileReference; lastKnownFileType = sourcecode.c.objc; path = GTweenTests.m; sourceTree = "<group>"; };
		FEC34B3F1984B7ED0033784B /* GTween.h */ = {isa = PBXFileReference; fileEncoding = 4; lastKnownFileType = sourcecode.c.h; path = GTween.h; sourceTree = "<group>"; };
		FEC34B401984B7ED0033784B /* GTween.m */ = {isa = PBXFileReference; fileEncoding = 4; lastKnownFileType = sourcecode.c.objc; path = GTween.m; sourceTree = "<group>"; };
		FEC34B421984B8AF0033784B /* GTweenProperty.h */ = {isa = PBXFileReference; fileEncoding = 4; lastKnownFileType = sourcecode.c.h; path = GTweenProperty.h; sourceTree = "<group>"; };
		FEC34B431984B8AF0033784B /* GTweenProperty.m */ = {isa = PBXFileReference; fileEncoding = 4; lastKnownFileType = sourcecode.c.objc; path = GTweenProperty.m; sourceTree = "<group>"; };
		FEC34B451984BD750033784B /* GEase.h */ = {isa = PBXFileReference; fileEncoding = 4; lastKnownFileType = sourcecode.c.h; path = GEase.h; sourceTree = "<group>"; };
		FEC34B461984BD750033784B /* GEase.m */ = {isa = PBXFileReference; fileEncoding = 4; lastKnownFileType = sourcecode.c.objc; path = GEase.m; sourceTree = "<group>"; };
		FEC34B481984C6800033784B /* GCallback.h */ = {isa = PBXFileReference; fileEncoding = 4; lastKnownFileType = sourcecode.c.h; path = GCallback.h; sourceTree = "<group>"; };
		FEC34B491984C6800033784B /* GCallback.m */ = {isa = PBXFileReference; fileEncoding = 4; lastKnownFileType = sourcecode.c.objc; path = GCallback.m; sourceTree = "<group>"; };
		FEC34B4C1984E20D0033784B /* GTestObject.h */ = {isa = PBXFileReference; fileEncoding = 4; lastKnownFileType = sourcecode.c.h; path = GTestObject.h; sourceTree = "<group>"; };
		FEC34B4D1984E20D0033784B /* GTestObject.m */ = {isa = PBXFileReference; fileEncoding = 4; lastKnownFileType = sourcecode.c.objc; path = GTestObject.m; sourceTree = "<group>"; };
/* End PBXFileReference section */

/* Begin PBXFrameworksBuildPhase section */
		FEC34B001984B7CA0033784B /* Frameworks */ = {
			isa = PBXFrameworksBuildPhase;
			buildActionMask = 2147483647;
			files = (
				FEC34B091984B7CA0033784B /* CoreGraphics.framework in Frameworks */,
				FEC34B0B1984B7CA0033784B /* UIKit.framework in Frameworks */,
				FEC34B071984B7CA0033784B /* Foundation.framework in Frameworks */,
			);
			runOnlyForDeploymentPostprocessing = 0;
		};
		FEC34B241984B7CA0033784B /* Frameworks */ = {
			isa = PBXFrameworksBuildPhase;
			buildActionMask = 2147483647;
			files = (
				FEC34B291984B7CA0033784B /* XCTest.framework in Frameworks */,
				FEC34B2B1984B7CA0033784B /* UIKit.framework in Frameworks */,
				FEC34B2A1984B7CA0033784B /* Foundation.framework in Frameworks */,
			);
			runOnlyForDeploymentPostprocessing = 0;
		};
/* End PBXFrameworksBuildPhase section */

/* Begin PBXGroup section */
		FEC34AFA1984B7CA0033784B = {
			isa = PBXGroup;
			children = (
				FEC34B0C1984B7CA0033784B /* GTween */,
				FEC34B2E1984B7CA0033784B /* GTweenTests */,
				FEC34B051984B7CA0033784B /* Frameworks */,
				FEC34B041984B7CA0033784B /* Products */,
			);
			sourceTree = "<group>";
		};
		FEC34B041984B7CA0033784B /* Products */ = {
			isa = PBXGroup;
			children = (
				FEC34B031984B7CA0033784B /* GTween.app */,
				FEC34B271984B7CA0033784B /* GTweenTests.xctest */,
			);
			name = Products;
			sourceTree = "<group>";
		};
		FEC34B051984B7CA0033784B /* Frameworks */ = {
			isa = PBXGroup;
			children = (
				FEC34B061984B7CA0033784B /* Foundation.framework */,
				FEC34B081984B7CA0033784B /* CoreGraphics.framework */,
				FEC34B0A1984B7CA0033784B /* UIKit.framework */,
				FEC34B281984B7CA0033784B /* XCTest.framework */,
			);
			name = Frameworks;
			sourceTree = "<group>";
		};
		FEC34B0C1984B7CA0033784B /* GTween */ = {
			isa = PBXGroup;
			children = (
				FEC34B4B1984E1F80033784B /* Test */,
				FEC34B3E1984B7E00033784B /* Tween */,
				FEC34B151984B7CA0033784B /* GAppDelegate.h */,
				FEC34B161984B7CA0033784B /* GAppDelegate.m */,
				FEC34B181984B7CA0033784B /* Main_iPhone.storyboard */,
				FEC34B1B1984B7CA0033784B /* Main_iPad.storyboard */,
				FEC34B1E1984B7CA0033784B /* GViewController.h */,
				FEC34B1F1984B7CA0033784B /* GViewController.m */,
				FEC34B211984B7CA0033784B /* Images.xcassets */,
				FEC34B0D1984B7CA0033784B /* Supporting Files */,
			);
			path = GTween;
			sourceTree = "<group>";
		};
		FEC34B0D1984B7CA0033784B /* Supporting Files */ = {
			isa = PBXGroup;
			children = (
				FEC34B0E1984B7CA0033784B /* GTween-Info.plist */,
				FEC34B0F1984B7CA0033784B /* InfoPlist.strings */,
				FEC34B121984B7CA0033784B /* main.m */,
				FEC34B141984B7CA0033784B /* GTween-Prefix.pch */,
			);
			name = "Supporting Files";
			sourceTree = "<group>";
		};
		FEC34B2E1984B7CA0033784B /* GTweenTests */ = {
			isa = PBXGroup;
			children = (
				FEC34B341984B7CA0033784B /* GTweenTests.m */,
				FEC34B2F1984B7CA0033784B /* Supporting Files */,
			);
			path = GTweenTests;
			sourceTree = "<group>";
		};
		FEC34B2F1984B7CA0033784B /* Supporting Files */ = {
			isa = PBXGroup;
			children = (
				FEC34B301984B7CA0033784B /* GTweenTests-Info.plist */,
				FEC34B311984B7CA0033784B /* InfoPlist.strings */,
			);
			name = "Supporting Files";
			sourceTree = "<group>";
		};
		FEC34B3E1984B7E00033784B /* Tween */ = {
			isa = PBXGroup;
			children = (
				FEC34B3F1984B7ED0033784B /* GTween.h */,
				FEC34B401984B7ED0033784B /* GTween.m */,
				FEC34B421984B8AF0033784B /* GTweenProperty.h */,
				FEC34B431984B8AF0033784B /* GTweenProperty.m */,
				FEC34B451984BD750033784B /* GEase.h */,
				FEC34B461984BD750033784B /* GEase.m */,
				FEC34B481984C6800033784B /* GCallback.h */,
				FEC34B491984C6800033784B /* GCallback.m */,
			);
			path = Tween;
			sourceTree = "<group>";
		};
		FEC34B4B1984E1F80033784B /* Test */ = {
			isa = PBXGroup;
			children = (
				FEC34B4C1984E20D0033784B /* GTestObject.h */,
				FEC34B4D1984E20D0033784B /* GTestObject.m */,
			);
			name = Test;
			sourceTree = "<group>";
		};
/* End PBXGroup section */

/* Begin PBXNativeTarget section */
		FEC34B021984B7CA0033784B /* GTween */ = {
			isa = PBXNativeTarget;
			buildConfigurationList = FEC34B381984B7CA0033784B /* Build configuration list for PBXNativeTarget "GTween" */;
			buildPhases = (
				FEC34AFF1984B7CA0033784B /* Sources */,
				FEC34B001984B7CA0033784B /* Frameworks */,
				FEC34B011984B7CA0033784B /* Resources */,
			);
			buildRules = (
			);
			dependencies = (
			);
			name = GTween;
			productName = GTween;
			productReference = FEC34B031984B7CA0033784B /* GTween.app */;
			productType = "com.apple.product-type.application";
		};
		FEC34B261984B7CA0033784B /* GTweenTests */ = {
			isa = PBXNativeTarget;
			buildConfigurationList = FEC34B3B1984B7CA0033784B /* Build configuration list for PBXNativeTarget "GTweenTests" */;
			buildPhases = (
				FEC34B231984B7CA0033784B /* Sources */,
				FEC34B241984B7CA0033784B /* Frameworks */,
				FEC34B251984B7CA0033784B /* Resources */,
			);
			buildRules = (
			);
			dependencies = (
				FEC34B2D1984B7CA0033784B /* PBXTargetDependency */,
			);
			name = GTweenTests;
			productName = GTweenTests;
			productReference = FEC34B271984B7CA0033784B /* GTweenTests.xctest */;
			productType = "com.apple.product-type.bundle.unit-test";
		};
/* End PBXNativeTarget section */

/* Begin PBXProject section */
		FEC34AFB1984B7CA0033784B /* Project object */ = {
			isa = PBXProject;
			attributes = {
				CLASSPREFIX = G;
				LastUpgradeCheck = 0510;
				ORGANIZATIONNAME = zrz;
				TargetAttributes = {
					FEC34B261984B7CA0033784B = {
						TestTargetID = FEC34B021984B7CA0033784B;
					};
				};
			};
			buildConfigurationList = FEC34AFE1984B7CA0033784B /* Build configuration list for PBXProject "GTween" */;
			compatibilityVersion = "Xcode 3.2";
			developmentRegion = English;
			hasScannedForEncodings = 0;
			knownRegions = (
				en,
				Base,
			);
			mainGroup = FEC34AFA1984B7CA0033784B;
			productRefGroup = FEC34B041984B7CA0033784B /* Products */;
			projectDirPath = "";
			projectRoot = "";
			targets = (
				FEC34B021984B7CA0033784B /* GTween */,
				FEC34B261984B7CA0033784B /* GTweenTests */,
			);
		};
/* End PBXProject section */

/* Begin PBXResourcesBuildPhase section */
		FEC34B011984B7CA0033784B /* Resources */ = {
			isa = PBXResourcesBuildPhase;
			buildActionMask = 2147483647;
			files = (
				FEC34B1D1984B7CA0033784B /* Main_iPad.storyboard in Resources */,
				FEC34B221984B7CA0033784B /* Images.xcassets in Resources */,
				FEC34B1A1984B7CA0033784B /* Main_iPhone.storyboard in Resources */,
				FEC34B111984B7CA0033784B /* InfoPlist.strings in Resources */,
			);
			runOnlyForDeploymentPostprocessing = 0;
		};
		FEC34B251984B7CA0033784B /* Resources */ = {
			isa = PBXResourcesBuildPhase;
			buildActionMask = 2147483647;
			files = (
				FEC34B331984B7CA0033784B /* InfoPlist.strings in Resources */,
			);
			runOnlyForDeploymentPostprocessing = 0;
		};
/* End PBXResourcesBuildPhase section */

/* Begin PBXSourcesBuildPhase section */
		FEC34AFF1984B7CA0033784B /* Sources */ = {
			isa = PBXSourcesBuildPhase;
			buildActionMask = 2147483647;
			files = (
				FEC34B171984B7CA0033784B /* GAppDelegate.m in Sources */,
				FEC34B4A1984C6800033784B /* GCallback.m in Sources */,
				FEC34B411984B7ED0033784B /* GTween.m in Sources */,
				FEC34B441984B8AF0033784B /* GTweenProperty.m in Sources */,
				FEC34B471984BD750033784B /* GEase.m in Sources */,
				FEC34B131984B7CA0033784B /* main.m in Sources */,
				FEC34B4E1984E20D0033784B /* GTestObject.m in Sources */,
				FEC34B201984B7CA0033784B /* GViewController.m in Sources */,
			);
			runOnlyForDeploymentPostprocessing = 0;
		};
		FEC34B231984B7CA0033784B /* Sources */ = {
			isa = PBXSourcesBuildPhase;
			buildActionMask = 2147483647;
			files = (
				FEC34B351984B7CA0033784B /* GTweenTests.m in Sources */,
			);
			runOnlyForDeploymentPostprocessing = 0;
		};
/* End PBXSourcesBuildPhase section */

/* Begin PBXTargetDependency section */
		FEC34B2D1984B7CA0033784B /* PBXTargetDependency */ = {
			isa = PBXTargetDependency;
			target = FEC34B021984B7CA0033784B /* GTween */;
			targetProxy = FEC34B2C1984B7CA0033784B /* PBXContainerItemProxy */;
		};
/* End PBXTargetDependency section */

/* Begin PBXVariantGroup section */
		FEC34B0F1984B7CA0033784B /* InfoPlist.strings */ = {
			isa = PBXVariantGroup;
			children = (
				FEC34B101984B7CA0033784B /* en */,
			);
			name = InfoPlist.strings;
			sourceTree = "<group>";
		};
		FEC34B181984B7CA0033784B /* Main_iPhone.storyboard */ = {
			isa = PBXVariantGroup;
			children = (
				FEC34B191984B7CA0033784B /* Base */,
			);
			name = Main_iPhone.storyboard;
			sourceTree = "<group>";
		};
		FEC34B1B1984B7CA0033784B /* Main_iPad.storyboard */ = {
			isa = PBXVariantGroup;
			children = (
				FEC34B1C1984B7CA0033784B /* Base */,
			);
			name = Main_iPad.storyboard;
			sourceTree = "<group>";
		};
		FEC34B311984B7CA0033784B /* InfoPlist.strings */ = {
			isa = PBXVariantGroup;
			children = (
				FEC34B321984B7CA0033784B /* en */,
			);
			name = InfoPlist.strings;
			sourceTree = "<group>";
		};
/* End PBXVariantGroup section */

/* Begin XCBuildConfiguration section */
		FEC34B361984B7CA0033784B /* Debug */ = {
			isa = XCBuildConfiguration;
			buildSettings = {
				ALWAYS_SEARCH_USER_PATHS = NO;
				CLANG_CXX_LANGUAGE_STANDARD = "gnu++0x";
				CLANG_CXX_LIBRARY = "libc++";
				CLANG_ENABLE_MODULES = YES;
				CLANG_ENABLE_OBJC_ARC = YES;
				CLANG_WARN_BOOL_CONVERSION = YES;
				CLANG_WARN_CONSTANT_CONVERSION = YES;
				CLANG_WARN_DIRECT_OBJC_ISA_USAGE = YES_ERROR;
				CLANG_WARN_EMPTY_BODY = YES;
				CLANG_WARN_ENUM_CONVERSION = YES;
				CLANG_WARN_INT_CONVERSION = YES;
				CLANG_WARN_OBJC_ROOT_CLASS = YES_ERROR;
				CLANG_WARN__DUPLICATE_METHOD_MATCH = YES;
				"CODE_SIGN_IDENTITY[sdk=iphoneos*]" = "iPhone Developer";
				COPY_PHASE_STRIP = NO;
				GCC_C_LANGUAGE_STANDARD = gnu99;
				GCC_DYNAMIC_NO_PIC = NO;
				GCC_OPTIMIZATION_LEVEL = 0;
				GCC_PREPROCESSOR_DEFINITIONS = (
					"DEBUG=1",
					"$(inherited)",
				);
				GCC_SYMBOLS_PRIVATE_EXTERN = NO;
				GCC_WARN_64_TO_32_BIT_CONVERSION = YES;
				GCC_WARN_ABOUT_RETURN_TYPE = YES_ERROR;
				GCC_WARN_UNDECLARED_SELECTOR = YES;
				GCC_WARN_UNINITIALIZED_AUTOS = YES_AGGRESSIVE;
				GCC_WARN_UNUSED_FUNCTION = YES;
				GCC_WARN_UNUSED_VARIABLE = YES;
				IPHONEOS_DEPLOYMENT_TARGET = 7.1;
				ONLY_ACTIVE_ARCH = YES;
				SDKROOT = iphoneos;
				TARGETED_DEVICE_FAMILY = "1,2";
			};
			name = Debug;
		};
		FEC34B371984B7CA0033784B /* Release */ = {
			isa = XCBuildConfiguration;
			buildSettings = {
				ALWAYS_SEARCH_USER_PATHS = NO;
				CLANG_CXX_LANGUAGE_STANDARD = "gnu++0x";
				CLANG_CXX_LIBRARY = "libc++";
				CLANG_ENABLE_MODULES = YES;
				CLANG_ENABLE_OBJC_ARC = YES;
				CLANG_WARN_BOOL_CONVERSION = YES;
				CLANG_WARN_CONSTANT_CONVERSION = YES;
				CLANG_WARN_DIRECT_OBJC_ISA_USAGE = YES_ERROR;
				CLANG_WARN_EMPTY_BODY = YES;
				CLANG_WARN_ENUM_CONVERSION = YES;
				CLANG_WARN_INT_CONVERSION = YES;
				CLANG_WARN_OBJC_ROOT_CLASS = YES_ERROR;
				CLANG_WARN__DUPLICATE_METHOD_MATCH = YES;
				"CODE_SIGN_IDENTITY[sdk=iphoneos*]" = "iPhone Developer";
				COPY_PHASE_STRIP = YES;
				ENABLE_NS_ASSERTIONS = NO;
				GCC_C_LANGUAGE_STANDARD = gnu99;
				GCC_WARN_64_TO_32_BIT_CONVERSION = YES;
				GCC_WARN_ABOUT_RETURN_TYPE = YES_ERROR;
				GCC_WARN_UNDECLARED_SELECTOR = YES;
				GCC_WARN_UNINITIALIZED_AUTOS = YES_AGGRESSIVE;
				GCC_WARN_UNUSED_FUNCTION = YES;
				GCC_WARN_UNUSED_VARIABLE = YES;
				IPHONEOS_DEPLOYMENT_TARGET = 7.1;
				SDKROOT = iphoneos;
				TARGETED_DEVICE_FAMILY = "1,2";
				VALIDATE_PRODUCT = YES;
			};
			name = Release;
		};
		FEC34B391984B7CA0033784B /* Debug */ = {
			isa = XCBuildConfiguration;
			buildSettings = {
				ASSETCATALOG_COMPILER_APPICON_NAME = AppIcon;
				ASSETCATALOG_COMPILER_LAUNCHIMAGE_NAME = LaunchImage;
				GCC_PRECOMPILE_PREFIX_HEADER = YES;
				GCC_PREFIX_HEADER = "GTween/GTween-Prefix.pch";
				INFOPLIST_FILE = "GTween/GTween-Info.plist";
				PRODUCT_NAME = "$(TARGET_NAME)";
				WRAPPER_EXTENSION = app;
			};
			name = Debug;
		};
		FEC34B3A1984B7CA0033784B /* Release */ = {
			isa = XCBuildConfiguration;
			buildSettings = {
				ASSETCATALOG_COMPILER_APPICON_NAME = AppIcon;
				ASSETCATALOG_COMPILER_LAUNCHIMAGE_NAME = LaunchImage;
				GCC_PRECOMPILE_PREFIX_HEADER = YES;
				GCC_PREFIX_HEADER = "GTween/GTween-Prefix.pch";
				INFOPLIST_FILE = "GTween/GTween-Info.plist";
				PRODUCT_NAME = "$(TARGET_NAME)";
				WRAPPER_EXTENSION = app;
			};
			name = Release;
		};
		FEC34B3C1984B7CA0033784B /* Debug */ = {
			isa = XCBuildConfiguration;
			buildSettings = {
				BUNDLE_LOADER = "$(BUILT_PRODUCTS_DIR)/GTween.app/GTween";
				FRAMEWORK_SEARCH_PATHS = (
					"$(SDKROOT)/Developer/Library/Frameworks",
					"$(inherited)",
					"$(DEVELOPER_FRAMEWORKS_DIR)",
				);
				GCC_PRECOMPILE_PREFIX_HEADER = YES;
				GCC_PREFIX_HEADER = "GTween/GTween-Prefix.pch";
				GCC_PREPROCESSOR_DEFINITIONS = (
					"DEBUG=1",
					"$(inherited)",
				);
				INFOPLIST_FILE = "GTweenTests/GTweenTests-Info.plist";
				PRODUCT_NAME = "$(TARGET_NAME)";
				TEST_HOST = "$(BUNDLE_LOADER)";
				WRAPPER_EXTENSION = xctest;
			};
			name = Debug;
		};
		FEC34B3D1984B7CA0033784B /* Release */ = {
			isa = XCBuildConfiguration;
			buildSettings = {
				BUNDLE_LOADER = "$(BUILT_PRODUCTS_DIR)/GTween.app/GTween";
				FRAMEWORK_SEARCH_PATHS = (
					"$(SDKROOT)/Developer/Library/Frameworks",
					"$(inherited)",
					"$(DEVELOPER_FRAMEWORKS_DIR)",
				);
				GCC_PRECOMPILE_PREFIX_HEADER = YES;
				GCC_PREFIX_HEADER = "GTween/GTween-Prefix.pch";
				INFOPLIST_FILE = "GTweenTests/GTweenTests-Info.plist";
				PRODUCT_NAME = "$(TARGET_NAME)";
				TEST_HOST = "$(BUNDLE_LOADER)";
				WRAPPER_EXTENSION = xctest;
			};
			name = Release;
		};
/* End XCBuildConfiguration section */

/* Begin XCConfigurationList section */
		FEC34AFE1984B7CA0033784B /* Build configuration list for PBXProject "GTween" */ = {
			isa = XCConfigurationList;
			buildConfigurations = (
				FEC34B361984B7CA0033784B /* Debug */,
				FEC34B371984B7CA0033784B /* Release */,
			);
			defaultConfigurationIsVisible = 0;
			defaultConfigurationName = Release;
		};
		FEC34B381984B7CA0033784B /* Build configuration list for PBXNativeTarget "GTween" */ = {
			isa = XCConfigurationList;
			buildConfigurations = (
				FEC34B391984B7CA0033784B /* Debug */,
				FEC34B3A1984B7CA0033784B /* Release */,
			);
			defaultConfigurationIsVisible = 0;
		};
		FEC34B3B1984B7CA0033784B /* Build configuration list for PBXNativeTarget "GTweenTests" */ = {
			isa = XCConfigurationList;
			buildConfigurations = (
				FEC34B3C1984B7CA0033784B /* Debug */,
				FEC34B3D1984B7CA0033784B /* Release */,
			);
			defaultConfigurationIsVisible = 0;
		};
/* End XCConfigurationList section */
	};
	rootObject = FEC34AFB1984B7CA0033784B /* Project object */;
}
